
Microsoft Visual Studio Solution File, Format Version 12.00
# Visual Studio Express 2012 for Windows Desktop
Project("{FAE04EC0-301F-11D3-BF4B-00C04F79EFBC}") = "FormAssignment", "FormAssignment\FormAssignment.csproj", "{75FB140A-9585-4A65-8446-0998A85C06CB}"
EndProject
Global
	GlobalSection(SolutionConfigurationPlatforms) = preSolution
		Debug|Any CPU = Debug|Any CPU
		Release|Any CPU = Release|Any CPU
	EndGlobalSection
	GlobalSection(ProjectConfigurationPlatforms) = postSolution
		{75FB140A-9585-4A65-8446-0998A85C06CB}.Debug|Any CPU.ActiveCfg = Debug|Any CPU
		{75FB140A-9585-4A65-8446-0998A85C06CB}.Debug|Any CPU.Build.0 = Debug|Any CPU
		{75FB140A-9585-4A65-8446-0998A85C06CB}.Release|Any CPU.ActiveCfg = Release|Any CPU
		{75FB140A-9585-4A65-8446-0998A85C06CB}.Release|Any CPU.Build.0 = Release|Any CPU
	EndGlobalSection
	GlobalSection(SolutionProperties) = preSolution
		HideSolutionNode = FALSE
	EndGlobalSection
EndGlobal
